
Microsoft Visual Studio Solution File, Format Version 12.00
# Visual Studio Version 16
VisualStudioVersion = 16.0.29503.13
MinimumVisualStudioVersion = 10.0.40219.1
Project("{9A19103F-16F7-4668-BE54-9A1E7A4F7556}") = "adacta_spa", "adacta_spa.csproj", "{634FA220-2EB6-417C-B612-25AD95695E8F}"
EndProject
Global
	GlobalSection(SolutionConfigurationPlatforms) = preSolution
		Debug|Any CPU = Debug|Any CPU
		Release|Any CPU = Release|Any CPU
	EndGlobalSection
	GlobalSection(ProjectConfigurationPlatforms) = postSolution
		{634FA220-2EB6-417C-B612-25AD95695E8F}.Debug|Any CPU.ActiveCfg = Debug|Any CPU
		{634FA220-2EB6-417C-B612-25AD95695E8F}.Debug|Any CPU.Build.0 = Debug|Any CPU
		{634FA220-2EB6-417C-B612-25AD95695E8F}.Release|Any CPU.ActiveCfg = Release|Any CPU
		{634FA220-2EB6-417C-B612-25AD95695E8F}.Release|Any CPU.Build.0 = Release|Any CPU
	EndGlobalSection
	GlobalSection(SolutionProperties) = preSolution
		HideSolutionNode = FALSE
	EndGlobalSection
	GlobalSection(ExtensibilityGlobals) = postSolution
		SolutionGuid = {0F71B802-8849-4F4C-A1EB-BBF8EC41AF7E}
	EndGlobalSection
EndGlobal
